
Microsoft Visual Studio Solution File, Format Version 12.00
# Visual Studio Version 17
VisualStudioVersion = 17.0.31903.59
MinimumVisualStudioVersion = 10.0.40219.1
Project("{2150E333-8FDC-42A3-9474-1A3956D46DE8}") = "codeWars", "codeWars", "{8E550735-0FFE-4DED-AD1B-1089EF7C3F69}"
EndProject
Project("{FAE04EC0-301F-11D3-BF4B-00C04F79EFBC}") = "AlternateCase", "codeWars\AlternateCase\AlternateCase.csproj", "{885852E7-C2D1-450E-9099-92443CF783FB}"
EndProject
Project("{FAE04EC0-301F-11D3-BF4B-00C04F79EFBC}") = "Testing123", "codeWars\Testing123\Testing123.csproj", "{EBE3B28E-814A-4D0B-89BF-4B0E5F015614}"
EndProject
Project("{2150E333-8FDC-42A3-9474-1A3956D46DE8}") = "leetCode", "leetCode", "{4DCD3CA0-33B1-4184-AC71-F4B75F007E72}"
EndProject
Project("{FAE04EC0-301F-11D3-BF4B-00C04F79EFBC}") = "GroupAnagrams", "leetCode\GroupAnagrams\GroupAnagrams.csproj", "{19060AD9-34C2-45F6-A277-612C74BB3864}"
EndProject
Project("{FAE04EC0-301F-11D3-BF4B-00C04F79EFBC}") = "Mumbling", "codeWars\Mumbling\Mumbling.csproj", "{AF59CC2D-6ED7-4613-BA7F-B0032DE4B67E}"
EndProject
Project("{FAE04EC0-301F-11D3-BF4B-00C04F79EFBC}") = "ContainsDuplicate", "leetCode\ContainsDuplicate\ContainsDuplicate.csproj", "{95DDDCA9-073E-43D8-894A-878076651F2E}"
EndProject
Project("{FAE04EC0-301F-11D3-BF4B-00C04F79EFBC}") = "IsAnagram", "leetCode\IsAnagram\IsAnagram.csproj", "{E4F10A86-BBD7-4521-887F-E57A08F989F2}"
EndProject
Project("{FAE04EC0-301F-11D3-BF4B-00C04F79EFBC}") = "IsValidSudoku", "leetCode\IsValidSudoku\IsValidSudoku.csproj", "{EAD86201-3A76-475D-A71A-34DFEBA26AE7}"
EndProject
Project("{FAE04EC0-301F-11D3-BF4B-00C04F79EFBC}") = "TwoSum", "leetCode\TwoSum\TwoSum.csproj", "{E868D8A7-7C02-4C21-8EE2-9BE85EEF9152}"
EndProject
Project("{FAE04EC0-301F-11D3-BF4B-00C04F79EFBC}") = "MexicanWave", "codeWars\MexicanWave\MexicanWave.csproj", "{ED9576EE-1AF2-4DBB-9EA8-05CC8D5B8D8D}"
EndProject
Project("{FAE04EC0-301F-11D3-BF4B-00C04F79EFBC}") = "Snail", "codeWars\Snail\Snail.csproj", "{D2EC1938-4516-49B9-94B4-33350B5EDCCC}"
EndProject
Project("{2150E333-8FDC-42A3-9474-1A3956D46DE8}") = "neetCode", "neetCode", "{17DE1894-39FB-493C-92C2-8E33D2AB39E2}"
EndProject
Project("{FAE04EC0-301F-11D3-BF4B-00C04F79EFBC}") = "MaxProfit", "neetCode\MaxProfit\MaxProfit.csproj", "{027B8B76-D582-418B-82A5-18CA835AA862}"
EndProject
Project("{FAE04EC0-301F-11D3-BF4B-00C04F79EFBC}") = "LengthOfLongestSubString", "neetCode\LengthOfLongestSubString\LengthOfLongestSubString.csproj", "{AB4E139D-EF40-48F7-8C29-A482706E17AB}"
EndProject
Project("{FAE04EC0-301F-11D3-BF4B-00C04F79EFBC}") = "CharacterReplacement", "neetCode\CharacterReplacement\CharacterReplacement.csproj", "{AFD44276-8387-4847-8247-120D13929B62}"
EndProject
Project("{FAE04EC0-301F-11D3-BF4B-00C04F79EFBC}") = "TopKFrequent", "neetCode\TopKFrequent\TopKFrequent.csproj", "{230332D8-BD6C-4C76-A72B-F296DACF7F46}"
EndProject
Global
	GlobalSection(SolutionConfigurationPlatforms) = preSolution
		Debug|Any CPU = Debug|Any CPU
		Release|Any CPU = Release|Any CPU
	EndGlobalSection
	GlobalSection(SolutionProperties) = preSolution
		HideSolutionNode = FALSE
	EndGlobalSection
	GlobalSection(ProjectConfigurationPlatforms) = postSolution
		{885852E7-C2D1-450E-9099-92443CF783FB}.Debug|Any CPU.ActiveCfg = Debug|Any CPU
		{885852E7-C2D1-450E-9099-92443CF783FB}.Debug|Any CPU.Build.0 = Debug|Any CPU
		{885852E7-C2D1-450E-9099-92443CF783FB}.Release|Any CPU.ActiveCfg = Release|Any CPU
		{885852E7-C2D1-450E-9099-92443CF783FB}.Release|Any CPU.Build.0 = Release|Any CPU
		{EBE3B28E-814A-4D0B-89BF-4B0E5F015614}.Debug|Any CPU.ActiveCfg = Debug|Any CPU
		{EBE3B28E-814A-4D0B-89BF-4B0E5F015614}.Debug|Any CPU.Build.0 = Debug|Any CPU
		{EBE3B28E-814A-4D0B-89BF-4B0E5F015614}.Release|Any CPU.ActiveCfg = Release|Any CPU
		{EBE3B28E-814A-4D0B-89BF-4B0E5F015614}.Release|Any CPU.Build.0 = Release|Any CPU
		{19060AD9-34C2-45F6-A277-612C74BB3864}.Debug|Any CPU.ActiveCfg = Debug|Any CPU
		{19060AD9-34C2-45F6-A277-612C74BB3864}.Debug|Any CPU.Build.0 = Debug|Any CPU
		{19060AD9-34C2-45F6-A277-612C74BB3864}.Release|Any CPU.ActiveCfg = Release|Any CPU
		{19060AD9-34C2-45F6-A277-612C74BB3864}.Release|Any CPU.Build.0 = Release|Any CPU
		{AF59CC2D-6ED7-4613-BA7F-B0032DE4B67E}.Debug|Any CPU.ActiveCfg = Debug|Any CPU
		{AF59CC2D-6ED7-4613-BA7F-B0032DE4B67E}.Debug|Any CPU.Build.0 = Debug|Any CPU
		{AF59CC2D-6ED7-4613-BA7F-B0032DE4B67E}.Release|Any CPU.ActiveCfg = Release|Any CPU
		{AF59CC2D-6ED7-4613-BA7F-B0032DE4B67E}.Release|Any CPU.Build.0 = Release|Any CPU
		{95DDDCA9-073E-43D8-894A-878076651F2E}.Debug|Any CPU.ActiveCfg = Debug|Any CPU
		{95DDDCA9-073E-43D8-894A-878076651F2E}.Debug|Any CPU.Build.0 = Debug|Any CPU
		{95DDDCA9-073E-43D8-894A-878076651F2E}.Release|Any CPU.ActiveCfg = Release|Any CPU
		{95DDDCA9-073E-43D8-894A-878076651F2E}.Release|Any CPU.Build.0 = Release|Any CPU
		{E4F10A86-BBD7-4521-887F-E57A08F989F2}.Debug|Any CPU.ActiveCfg = Debug|Any CPU
		{E4F10A86-BBD7-4521-887F-E57A08F989F2}.Debug|Any CPU.Build.0 = Debug|Any CPU
		{E4F10A86-BBD7-4521-887F-E57A08F989F2}.Release|Any CPU.ActiveCfg = Release|Any CPU
		{E4F10A86-BBD7-4521-887F-E57A08F989F2}.Release|Any CPU.Build.0 = Release|Any CPU
		{EAD86201-3A76-475D-A71A-34DFEBA26AE7}.Debug|Any CPU.ActiveCfg = Debug|Any CPU
		{EAD86201-3A76-475D-A71A-34DFEBA26AE7}.Debug|Any CPU.Build.0 = Debug|Any CPU
		{EAD86201-3A76-475D-A71A-34DFEBA26AE7}.Release|Any CPU.ActiveCfg = Release|Any CPU
		{EAD86201-3A76-475D-A71A-34DFEBA26AE7}.Release|Any CPU.Build.0 = Release|Any CPU
		{E868D8A7-7C02-4C21-8EE2-9BE85EEF9152}.Debug|Any CPU.ActiveCfg = Debug|Any CPU
		{E868D8A7-7C02-4C21-8EE2-9BE85EEF9152}.Debug|Any CPU.Build.0 = Debug|Any CPU
		{E868D8A7-7C02-4C21-8EE2-9BE85EEF9152}.Release|Any CPU.ActiveCfg = Release|Any CPU
		{E868D8A7-7C02-4C21-8EE2-9BE85EEF9152}.Release|Any CPU.Build.0 = Release|Any CPU
		{ED9576EE-1AF2-4DBB-9EA8-05CC8D5B8D8D}.Debug|Any CPU.ActiveCfg = Debug|Any CPU
		{ED9576EE-1AF2-4DBB-9EA8-05CC8D5B8D8D}.Debug|Any CPU.Build.0 = Debug|Any CPU
		{ED9576EE-1AF2-4DBB-9EA8-05CC8D5B8D8D}.Release|Any CPU.ActiveCfg = Release|Any CPU
		{ED9576EE-1AF2-4DBB-9EA8-05CC8D5B8D8D}.Release|Any CPU.Build.0 = Release|Any CPU
		{D2EC1938-4516-49B9-94B4-33350B5EDCCC}.Debug|Any CPU.ActiveCfg = Debug|Any CPU
		{D2EC1938-4516-49B9-94B4-33350B5EDCCC}.Debug|Any CPU.Build.0 = Debug|Any CPU
		{D2EC1938-4516-49B9-94B4-33350B5EDCCC}.Release|Any CPU.ActiveCfg = Release|Any CPU
		{D2EC1938-4516-49B9-94B4-33350B5EDCCC}.Release|Any CPU.Build.0 = Release|Any CPU
		{027B8B76-D582-418B-82A5-18CA835AA862}.Debug|Any CPU.ActiveCfg = Debug|Any CPU
		{027B8B76-D582-418B-82A5-18CA835AA862}.Debug|Any CPU.Build.0 = Debug|Any CPU
		{027B8B76-D582-418B-82A5-18CA835AA862}.Release|Any CPU.ActiveCfg = Release|Any CPU
		{027B8B76-D582-418B-82A5-18CA835AA862}.Release|Any CPU.Build.0 = Release|Any CPU
		{AB4E139D-EF40-48F7-8C29-A482706E17AB}.Debug|Any CPU.ActiveCfg = Debug|Any CPU
		{AB4E139D-EF40-48F7-8C29-A482706E17AB}.Debug|Any CPU.Build.0 = Debug|Any CPU
		{AB4E139D-EF40-48F7-8C29-A482706E17AB}.Release|Any CPU.ActiveCfg = Release|Any CPU
		{AB4E139D-EF40-48F7-8C29-A482706E17AB}.Release|Any CPU.Build.0 = Release|Any CPU
		{AFD44276-8387-4847-8247-120D13929B62}.Debug|Any CPU.ActiveCfg = Debug|Any CPU
		{AFD44276-8387-4847-8247-120D13929B62}.Debug|Any CPU.Build.0 = Debug|Any CPU
		{AFD44276-8387-4847-8247-120D13929B62}.Release|Any CPU.ActiveCfg = Release|Any CPU
		{AFD44276-8387-4847-8247-120D13929B62}.Release|Any CPU.Build.0 = Release|Any CPU
		{230332D8-BD6C-4C76-A72B-F296DACF7F46}.Debug|Any CPU.ActiveCfg = Debug|Any CPU
		{230332D8-BD6C-4C76-A72B-F296DACF7F46}.Debug|Any CPU.Build.0 = Debug|Any CPU
		{230332D8-BD6C-4C76-A72B-F296DACF7F46}.Release|Any CPU.ActiveCfg = Release|Any CPU
		{230332D8-BD6C-4C76-A72B-F296DACF7F46}.Release|Any CPU.Build.0 = Release|Any CPU
	EndGlobalSection
	GlobalSection(NestedProjects) = preSolution
		{885852E7-C2D1-450E-9099-92443CF783FB} = {8E550735-0FFE-4DED-AD1B-1089EF7C3F69}
		{EBE3B28E-814A-4D0B-89BF-4B0E5F015614} = {8E550735-0FFE-4DED-AD1B-1089EF7C3F69}
		{19060AD9-34C2-45F6-A277-612C74BB3864} = {4DCD3CA0-33B1-4184-AC71-F4B75F007E72}
		{AF59CC2D-6ED7-4613-BA7F-B0032DE4B67E} = {8E550735-0FFE-4DED-AD1B-1089EF7C3F69}
		{95DDDCA9-073E-43D8-894A-878076651F2E} = {4DCD3CA0-33B1-4184-AC71-F4B75F007E72}
		{E4F10A86-BBD7-4521-887F-E57A08F989F2} = {4DCD3CA0-33B1-4184-AC71-F4B75F007E72}
		{EAD86201-3A76-475D-A71A-34DFEBA26AE7} = {4DCD3CA0-33B1-4184-AC71-F4B75F007E72}
		{E868D8A7-7C02-4C21-8EE2-9BE85EEF9152} = {4DCD3CA0-33B1-4184-AC71-F4B75F007E72}
		{ED9576EE-1AF2-4DBB-9EA8-05CC8D5B8D8D} = {8E550735-0FFE-4DED-AD1B-1089EF7C3F69}
		{D2EC1938-4516-49B9-94B4-33350B5EDCCC} = {8E550735-0FFE-4DED-AD1B-1089EF7C3F69}
		{027B8B76-D582-418B-82A5-18CA835AA862} = {17DE1894-39FB-493C-92C2-8E33D2AB39E2}
		{AB4E139D-EF40-48F7-8C29-A482706E17AB} = {17DE1894-39FB-493C-92C2-8E33D2AB39E2}
		{AFD44276-8387-4847-8247-120D13929B62} = {17DE1894-39FB-493C-92C2-8E33D2AB39E2}
		{230332D8-BD6C-4C76-A72B-F296DACF7F46} = {17DE1894-39FB-493C-92C2-8E33D2AB39E2}
	EndGlobalSection
EndGlobal
