
Microsoft Visual Studio Solution File, Format Version 12.00
# Visual Studio Version 17
VisualStudioVersion = 17.0.31903.59
MinimumVisualStudioVersion = 10.0.40219.1
Project("{2150E333-8FDC-42A3-9474-1A3956D46DE8}") = "neetCode", "neetCode", "{2316FC7F-E0B6-46DF-B905-75AED02B87DC}"
EndProject
Project("{FAE04EC0-301F-11D3-BF4B-00C04F79EFBC}") = "CharacterReplacement", "neetCode\CharacterReplacement\CharacterReplacement.csproj", "{43656763-8E8A-4E81-B6E9-6B216786FF88}"
EndProject
Project("{FAE04EC0-301F-11D3-BF4B-00C04F79EFBC}") = "LengthOfLongestSubString", "neetCode\LengthOfLongestSubString\LengthOfLongestSubString.csproj", "{05588FF4-D2FA-4722-8FF0-555C6164AC81}"
EndProject
Project("{FAE04EC0-301F-11D3-BF4B-00C04F79EFBC}") = "MaxProfit", "neetCode\MaxProfit\MaxProfit.csproj", "{8E2B33B3-BE18-4E2E-A347-B8DB6FF3223F}"
EndProject
Project("{FAE04EC0-301F-11D3-BF4B-00C04F79EFBC}") = "TopKFrequent", "neetCode\TopKFrequent\TopKFrequent.csproj", "{50ABEE36-B6B4-4B9E-ABC7-A4FCCC471A0E}"
EndProject
Project("{FAE04EC0-301F-11D3-BF4B-00C04F79EFBC}") = "TwoSumII", "neetCode\TwoSumII\TwoSumII.csproj", "{047F16A6-65C5-4798-BD47-7D2CA36A9E0A}"
EndProject
Project("{2150E333-8FDC-42A3-9474-1A3956D46DE8}") = "leetCode", "leetCode", "{CEF5E9FE-A5C6-4ED7-834F-2DC2AD34F3A5}"
EndProject
Project("{FAE04EC0-301F-11D3-BF4B-00C04F79EFBC}") = "ContainsDuplicate", "leetCode\ContainsDuplicate\ContainsDuplicate.csproj", "{A5D371A1-24D6-4F32-9F97-0F5A31643041}"
EndProject
Project("{FAE04EC0-301F-11D3-BF4B-00C04F79EFBC}") = "GroupAnagrams", "leetCode\GroupAnagrams\GroupAnagrams.csproj", "{A96CD2FA-92DF-4CA3-851D-0C09A58E0C06}"
EndProject
Project("{FAE04EC0-301F-11D3-BF4B-00C04F79EFBC}") = "IsAnagram", "leetCode\IsAnagram\IsAnagram.csproj", "{CDA2C0F9-E307-4BC5-A21F-F34F7B0EBB0A}"
EndProject
Project("{FAE04EC0-301F-11D3-BF4B-00C04F79EFBC}") = "IsValidSudoku", "leetCode\IsValidSudoku\IsValidSudoku.csproj", "{059B9B1E-1CE3-468E-A523-925F10D95138}"
EndProject
Project("{FAE04EC0-301F-11D3-BF4B-00C04F79EFBC}") = "TwoSum", "leetCode\TwoSum\TwoSum.csproj", "{12515F47-E75D-4722-8CE6-27D993BBA4F6}"
EndProject
Project("{2150E333-8FDC-42A3-9474-1A3956D46DE8}") = "codeWars", "codeWars", "{727210A1-859A-4024-9E3D-AA3F3A023E2C}"
EndProject
Project("{FAE04EC0-301F-11D3-BF4B-00C04F79EFBC}") = "AlternateCase", "codeWars\AlternateCase\AlternateCase.csproj", "{80E36B95-8FC2-48BF-9470-E436D3377411}"
EndProject
Project("{FAE04EC0-301F-11D3-BF4B-00C04F79EFBC}") = "MexicanWave", "codeWars\MexicanWave\MexicanWave.csproj", "{C39B6EA8-2F4D-45C5-800B-12BA4B68FE31}"
EndProject
Project("{FAE04EC0-301F-11D3-BF4B-00C04F79EFBC}") = "Mumbling", "codeWars\Mumbling\Mumbling.csproj", "{5375C8F3-5395-428D-A11B-BBE5D9BE54C6}"
EndProject
Project("{FAE04EC0-301F-11D3-BF4B-00C04F79EFBC}") = "Snail", "codeWars\Snail\Snail.csproj", "{03FB3083-7FAC-4DBE-BAD2-1AD6C2687E71}"
EndProject
Project("{FAE04EC0-301F-11D3-BF4B-00C04F79EFBC}") = "Testing123", "codeWars\Testing123\Testing123.csproj", "{AAEA4221-CEC1-4DD6-A0D1-B50D3E9E641B}"
EndProject
Project("{FAE04EC0-301F-11D3-BF4B-00C04F79EFBC}") = "CheckInclusion", "neetCode\CheckInclusion\CheckInclusion.csproj", "{8C500846-5956-4040-9C5B-0C4A7F403AE6}"
EndProject
Global
	GlobalSection(SolutionConfigurationPlatforms) = preSolution
		Debug|Any CPU = Debug|Any CPU
		Release|Any CPU = Release|Any CPU
	EndGlobalSection
	GlobalSection(SolutionProperties) = preSolution
		HideSolutionNode = FALSE
	EndGlobalSection
	GlobalSection(ProjectConfigurationPlatforms) = postSolution
		{43656763-8E8A-4E81-B6E9-6B216786FF88}.Debug|Any CPU.ActiveCfg = Debug|Any CPU
		{43656763-8E8A-4E81-B6E9-6B216786FF88}.Debug|Any CPU.Build.0 = Debug|Any CPU
		{43656763-8E8A-4E81-B6E9-6B216786FF88}.Release|Any CPU.ActiveCfg = Release|Any CPU
		{43656763-8E8A-4E81-B6E9-6B216786FF88}.Release|Any CPU.Build.0 = Release|Any CPU
		{05588FF4-D2FA-4722-8FF0-555C6164AC81}.Debug|Any CPU.ActiveCfg = Debug|Any CPU
		{05588FF4-D2FA-4722-8FF0-555C6164AC81}.Debug|Any CPU.Build.0 = Debug|Any CPU
		{05588FF4-D2FA-4722-8FF0-555C6164AC81}.Release|Any CPU.ActiveCfg = Release|Any CPU
		{05588FF4-D2FA-4722-8FF0-555C6164AC81}.Release|Any CPU.Build.0 = Release|Any CPU
		{8E2B33B3-BE18-4E2E-A347-B8DB6FF3223F}.Debug|Any CPU.ActiveCfg = Debug|Any CPU
		{8E2B33B3-BE18-4E2E-A347-B8DB6FF3223F}.Debug|Any CPU.Build.0 = Debug|Any CPU
		{8E2B33B3-BE18-4E2E-A347-B8DB6FF3223F}.Release|Any CPU.ActiveCfg = Release|Any CPU
		{8E2B33B3-BE18-4E2E-A347-B8DB6FF3223F}.Release|Any CPU.Build.0 = Release|Any CPU
		{50ABEE36-B6B4-4B9E-ABC7-A4FCCC471A0E}.Debug|Any CPU.ActiveCfg = Debug|Any CPU
		{50ABEE36-B6B4-4B9E-ABC7-A4FCCC471A0E}.Debug|Any CPU.Build.0 = Debug|Any CPU
		{50ABEE36-B6B4-4B9E-ABC7-A4FCCC471A0E}.Release|Any CPU.ActiveCfg = Release|Any CPU
		{50ABEE36-B6B4-4B9E-ABC7-A4FCCC471A0E}.Release|Any CPU.Build.0 = Release|Any CPU
		{047F16A6-65C5-4798-BD47-7D2CA36A9E0A}.Debug|Any CPU.ActiveCfg = Debug|Any CPU
		{047F16A6-65C5-4798-BD47-7D2CA36A9E0A}.Debug|Any CPU.Build.0 = Debug|Any CPU
		{047F16A6-65C5-4798-BD47-7D2CA36A9E0A}.Release|Any CPU.ActiveCfg = Release|Any CPU
		{047F16A6-65C5-4798-BD47-7D2CA36A9E0A}.Release|Any CPU.Build.0 = Release|Any CPU
		{A5D371A1-24D6-4F32-9F97-0F5A31643041}.Debug|Any CPU.ActiveCfg = Debug|Any CPU
		{A5D371A1-24D6-4F32-9F97-0F5A31643041}.Debug|Any CPU.Build.0 = Debug|Any CPU
		{A5D371A1-24D6-4F32-9F97-0F5A31643041}.Release|Any CPU.ActiveCfg = Release|Any CPU
		{A5D371A1-24D6-4F32-9F97-0F5A31643041}.Release|Any CPU.Build.0 = Release|Any CPU
		{A96CD2FA-92DF-4CA3-851D-0C09A58E0C06}.Debug|Any CPU.ActiveCfg = Debug|Any CPU
		{A96CD2FA-92DF-4CA3-851D-0C09A58E0C06}.Debug|Any CPU.Build.0 = Debug|Any CPU
		{A96CD2FA-92DF-4CA3-851D-0C09A58E0C06}.Release|Any CPU.ActiveCfg = Release|Any CPU
		{A96CD2FA-92DF-4CA3-851D-0C09A58E0C06}.Release|Any CPU.Build.0 = Release|Any CPU
		{CDA2C0F9-E307-4BC5-A21F-F34F7B0EBB0A}.Debug|Any CPU.ActiveCfg = Debug|Any CPU
		{CDA2C0F9-E307-4BC5-A21F-F34F7B0EBB0A}.Debug|Any CPU.Build.0 = Debug|Any CPU
		{CDA2C0F9-E307-4BC5-A21F-F34F7B0EBB0A}.Release|Any CPU.ActiveCfg = Release|Any CPU
		{CDA2C0F9-E307-4BC5-A21F-F34F7B0EBB0A}.Release|Any CPU.Build.0 = Release|Any CPU
		{059B9B1E-1CE3-468E-A523-925F10D95138}.Debug|Any CPU.ActiveCfg = Debug|Any CPU
		{059B9B1E-1CE3-468E-A523-925F10D95138}.Debug|Any CPU.Build.0 = Debug|Any CPU
		{059B9B1E-1CE3-468E-A523-925F10D95138}.Release|Any CPU.ActiveCfg = Release|Any CPU
		{059B9B1E-1CE3-468E-A523-925F10D95138}.Release|Any CPU.Build.0 = Release|Any CPU
		{12515F47-E75D-4722-8CE6-27D993BBA4F6}.Debug|Any CPU.ActiveCfg = Debug|Any CPU
		{12515F47-E75D-4722-8CE6-27D993BBA4F6}.Debug|Any CPU.Build.0 = Debug|Any CPU
		{12515F47-E75D-4722-8CE6-27D993BBA4F6}.Release|Any CPU.ActiveCfg = Release|Any CPU
		{12515F47-E75D-4722-8CE6-27D993BBA4F6}.Release|Any CPU.Build.0 = Release|Any CPU
		{80E36B95-8FC2-48BF-9470-E436D3377411}.Debug|Any CPU.ActiveCfg = Debug|Any CPU
		{80E36B95-8FC2-48BF-9470-E436D3377411}.Debug|Any CPU.Build.0 = Debug|Any CPU
		{80E36B95-8FC2-48BF-9470-E436D3377411}.Release|Any CPU.ActiveCfg = Release|Any CPU
		{80E36B95-8FC2-48BF-9470-E436D3377411}.Release|Any CPU.Build.0 = Release|Any CPU
		{C39B6EA8-2F4D-45C5-800B-12BA4B68FE31}.Debug|Any CPU.ActiveCfg = Debug|Any CPU
		{C39B6EA8-2F4D-45C5-800B-12BA4B68FE31}.Debug|Any CPU.Build.0 = Debug|Any CPU
		{C39B6EA8-2F4D-45C5-800B-12BA4B68FE31}.Release|Any CPU.ActiveCfg = Release|Any CPU
		{C39B6EA8-2F4D-45C5-800B-12BA4B68FE31}.Release|Any CPU.Build.0 = Release|Any CPU
		{5375C8F3-5395-428D-A11B-BBE5D9BE54C6}.Debug|Any CPU.ActiveCfg = Debug|Any CPU
		{5375C8F3-5395-428D-A11B-BBE5D9BE54C6}.Debug|Any CPU.Build.0 = Debug|Any CPU
		{5375C8F3-5395-428D-A11B-BBE5D9BE54C6}.Release|Any CPU.ActiveCfg = Release|Any CPU
		{5375C8F3-5395-428D-A11B-BBE5D9BE54C6}.Release|Any CPU.Build.0 = Release|Any CPU
		{03FB3083-7FAC-4DBE-BAD2-1AD6C2687E71}.Debug|Any CPU.ActiveCfg = Debug|Any CPU
		{03FB3083-7FAC-4DBE-BAD2-1AD6C2687E71}.Debug|Any CPU.Build.0 = Debug|Any CPU
		{03FB3083-7FAC-4DBE-BAD2-1AD6C2687E71}.Release|Any CPU.ActiveCfg = Release|Any CPU
		{03FB3083-7FAC-4DBE-BAD2-1AD6C2687E71}.Release|Any CPU.Build.0 = Release|Any CPU
		{AAEA4221-CEC1-4DD6-A0D1-B50D3E9E641B}.Debug|Any CPU.ActiveCfg = Debug|Any CPU
		{AAEA4221-CEC1-4DD6-A0D1-B50D3E9E641B}.Debug|Any CPU.Build.0 = Debug|Any CPU
		{AAEA4221-CEC1-4DD6-A0D1-B50D3E9E641B}.Release|Any CPU.ActiveCfg = Release|Any CPU
		{AAEA4221-CEC1-4DD6-A0D1-B50D3E9E641B}.Release|Any CPU.Build.0 = Release|Any CPU
		{8C500846-5956-4040-9C5B-0C4A7F403AE6}.Debug|Any CPU.ActiveCfg = Debug|Any CPU
		{8C500846-5956-4040-9C5B-0C4A7F403AE6}.Debug|Any CPU.Build.0 = Debug|Any CPU
		{8C500846-5956-4040-9C5B-0C4A7F403AE6}.Release|Any CPU.ActiveCfg = Release|Any CPU
		{8C500846-5956-4040-9C5B-0C4A7F403AE6}.Release|Any CPU.Build.0 = Release|Any CPU
	EndGlobalSection
	GlobalSection(NestedProjects) = preSolution
		{43656763-8E8A-4E81-B6E9-6B216786FF88} = {2316FC7F-E0B6-46DF-B905-75AED02B87DC}
		{05588FF4-D2FA-4722-8FF0-555C6164AC81} = {2316FC7F-E0B6-46DF-B905-75AED02B87DC}
		{8E2B33B3-BE18-4E2E-A347-B8DB6FF3223F} = {2316FC7F-E0B6-46DF-B905-75AED02B87DC}
		{50ABEE36-B6B4-4B9E-ABC7-A4FCCC471A0E} = {2316FC7F-E0B6-46DF-B905-75AED02B87DC}
		{047F16A6-65C5-4798-BD47-7D2CA36A9E0A} = {2316FC7F-E0B6-46DF-B905-75AED02B87DC}
		{A5D371A1-24D6-4F32-9F97-0F5A31643041} = {CEF5E9FE-A5C6-4ED7-834F-2DC2AD34F3A5}
		{A96CD2FA-92DF-4CA3-851D-0C09A58E0C06} = {CEF5E9FE-A5C6-4ED7-834F-2DC2AD34F3A5}
		{CDA2C0F9-E307-4BC5-A21F-F34F7B0EBB0A} = {CEF5E9FE-A5C6-4ED7-834F-2DC2AD34F3A5}
		{059B9B1E-1CE3-468E-A523-925F10D95138} = {CEF5E9FE-A5C6-4ED7-834F-2DC2AD34F3A5}
		{12515F47-E75D-4722-8CE6-27D993BBA4F6} = {CEF5E9FE-A5C6-4ED7-834F-2DC2AD34F3A5}
		{80E36B95-8FC2-48BF-9470-E436D3377411} = {727210A1-859A-4024-9E3D-AA3F3A023E2C}
		{C39B6EA8-2F4D-45C5-800B-12BA4B68FE31} = {727210A1-859A-4024-9E3D-AA3F3A023E2C}
		{5375C8F3-5395-428D-A11B-BBE5D9BE54C6} = {727210A1-859A-4024-9E3D-AA3F3A023E2C}
		{03FB3083-7FAC-4DBE-BAD2-1AD6C2687E71} = {727210A1-859A-4024-9E3D-AA3F3A023E2C}
		{AAEA4221-CEC1-4DD6-A0D1-B50D3E9E641B} = {727210A1-859A-4024-9E3D-AA3F3A023E2C}
		{8C500846-5956-4040-9C5B-0C4A7F403AE6} = {2316FC7F-E0B6-46DF-B905-75AED02B87DC}
	EndGlobalSection
EndGlobal
