
Microsoft Visual Studio Solution File, Format Version 12.00
# Visual Studio Version 17
VisualStudioVersion = 17.0.31903.59
MinimumVisualStudioVersion = 10.0.40219.1
Project("{2150E333-8FDC-42A3-9474-1A3956D46DE8}") = "codeWars", "codeWars", "{56896270-E073-41AF-A580-ECF07E6678F5}"
EndProject
Project("{FAE04EC0-301F-11D3-BF4B-00C04F79EFBC}") = "AlternateCase", "codeWars\AlternateCase\AlternateCase.csproj", "{1A3A4E09-8693-49E8-93AA-27DF42923328}"
EndProject
Project("{FAE04EC0-301F-11D3-BF4B-00C04F79EFBC}") = "MexicanWave", "codeWars\MexicanWave\MexicanWave.csproj", "{55073B87-565A-423C-A895-D26F81BD95EC}"
EndProject
Project("{FAE04EC0-301F-11D3-BF4B-00C04F79EFBC}") = "Mumbling", "codeWars\Mumbling\Mumbling.csproj", "{8EB70749-6838-454B-9FDC-4FD6F3DCC685}"
EndProject
Project("{FAE04EC0-301F-11D3-BF4B-00C04F79EFBC}") = "Snail", "codeWars\Snail\Snail.csproj", "{D14C9DFC-B785-4F88-BDB4-42E91A74E53C}"
EndProject
Project("{FAE04EC0-301F-11D3-BF4B-00C04F79EFBC}") = "Testing123", "codeWars\Testing123\Testing123.csproj", "{E031CC14-E22B-4BDA-8EE5-1450FF00B1D5}"
EndProject
Project("{2150E333-8FDC-42A3-9474-1A3956D46DE8}") = "leetCode", "leetCode", "{17050264-C5F9-43D7-87CC-90185DFCC5D9}"
EndProject
Project("{FAE04EC0-301F-11D3-BF4B-00C04F79EFBC}") = "ContainsDuplicate", "leetCode\ContainsDuplicate\ContainsDuplicate.csproj", "{E0279686-BC00-4F6E-9C38-9CF4F6D15468}"
EndProject
Project("{FAE04EC0-301F-11D3-BF4B-00C04F79EFBC}") = "GroupAnagrams", "leetCode\GroupAnagrams\GroupAnagrams.csproj", "{065178CD-C380-4CB7-9BEE-8C2473D6E318}"
EndProject
Project("{FAE04EC0-301F-11D3-BF4B-00C04F79EFBC}") = "IsAnagram", "leetCode\IsAnagram\IsAnagram.csproj", "{4490A1B7-9503-4B8B-8557-ABF4458E5945}"
EndProject
Project("{FAE04EC0-301F-11D3-BF4B-00C04F79EFBC}") = "IsValidSudoku", "leetCode\IsValidSudoku\IsValidSudoku.csproj", "{446B9CF5-B270-4955-9EFA-74363C6ED58F}"
EndProject
Project("{FAE04EC0-301F-11D3-BF4B-00C04F79EFBC}") = "TwoSum", "leetCode\TwoSum\TwoSum.csproj", "{1D79AFF2-6991-4525-BE8C-AB1F6319132D}"
EndProject
Project("{2150E333-8FDC-42A3-9474-1A3956D46DE8}") = "neetCode", "neetCode", "{A088AAC8-5C5D-429C-BF1D-336E4D1CB624}"
EndProject
Project("{FAE04EC0-301F-11D3-BF4B-00C04F79EFBC}") = "CheckInclusion", "neetCode\CheckInclusion\CheckInclusion.csproj", "{5C1AD758-B07F-42EA-9314-6F6ACEF22B99}"
EndProject
Project("{FAE04EC0-301F-11D3-BF4B-00C04F79EFBC}") = "LengthOfLongestSubString", "neetCode\LengthOfLongestSubString\LengthOfLongestSubString.csproj", "{DDC68116-4262-4DE7-8F8C-F63581342B4D}"
EndProject
Project("{FAE04EC0-301F-11D3-BF4B-00C04F79EFBC}") = "MaxArea", "neetCode\MaxArea\MaxArea.csproj", "{9685C30C-3DB0-40EE-80D6-30F8D2582FB9}"
EndProject
Project("{FAE04EC0-301F-11D3-BF4B-00C04F79EFBC}") = "MaxProfit", "neetCode\MaxProfit\MaxProfit.csproj", "{DF76CDAF-8463-49AF-88A8-A17944D63995}"
EndProject
Project("{FAE04EC0-301F-11D3-BF4B-00C04F79EFBC}") = "ProductExceptSelf", "neetCode\ProductExceptSelf\ProductExceptSelf.csproj", "{5F0F3101-339C-47FF-84C0-A5DF6C3F3977}"
EndProject
Project("{FAE04EC0-301F-11D3-BF4B-00C04F79EFBC}") = "ThreeSum", "neetCode\ThreeSum\ThreeSum.csproj", "{CF6DABC1-E560-49C3-AD30-C8B109F9993C}"
EndProject
Project("{FAE04EC0-301F-11D3-BF4B-00C04F79EFBC}") = "TopKFrequent", "neetCode\TopKFrequent\TopKFrequent.csproj", "{054A4E75-DCA9-4116-83FA-07C4FDB16338}"
EndProject
Project("{FAE04EC0-301F-11D3-BF4B-00C04F79EFBC}") = "TwoSumII", "neetCode\TwoSumII\TwoSumII.csproj", "{124834A9-6C1B-44D4-9EC6-18BCFDFF7FEC}"
EndProject
Global
	GlobalSection(SolutionConfigurationPlatforms) = preSolution
		Debug|Any CPU = Debug|Any CPU
		Release|Any CPU = Release|Any CPU
	EndGlobalSection
	GlobalSection(SolutionProperties) = preSolution
		HideSolutionNode = FALSE
	EndGlobalSection
	GlobalSection(ProjectConfigurationPlatforms) = postSolution
		{1A3A4E09-8693-49E8-93AA-27DF42923328}.Debug|Any CPU.ActiveCfg = Debug|Any CPU
		{1A3A4E09-8693-49E8-93AA-27DF42923328}.Debug|Any CPU.Build.0 = Debug|Any CPU
		{1A3A4E09-8693-49E8-93AA-27DF42923328}.Release|Any CPU.ActiveCfg = Release|Any CPU
		{1A3A4E09-8693-49E8-93AA-27DF42923328}.Release|Any CPU.Build.0 = Release|Any CPU
		{55073B87-565A-423C-A895-D26F81BD95EC}.Debug|Any CPU.ActiveCfg = Debug|Any CPU
		{55073B87-565A-423C-A895-D26F81BD95EC}.Debug|Any CPU.Build.0 = Debug|Any CPU
		{55073B87-565A-423C-A895-D26F81BD95EC}.Release|Any CPU.ActiveCfg = Release|Any CPU
		{55073B87-565A-423C-A895-D26F81BD95EC}.Release|Any CPU.Build.0 = Release|Any CPU
		{8EB70749-6838-454B-9FDC-4FD6F3DCC685}.Debug|Any CPU.ActiveCfg = Debug|Any CPU
		{8EB70749-6838-454B-9FDC-4FD6F3DCC685}.Debug|Any CPU.Build.0 = Debug|Any CPU
		{8EB70749-6838-454B-9FDC-4FD6F3DCC685}.Release|Any CPU.ActiveCfg = Release|Any CPU
		{8EB70749-6838-454B-9FDC-4FD6F3DCC685}.Release|Any CPU.Build.0 = Release|Any CPU
		{D14C9DFC-B785-4F88-BDB4-42E91A74E53C}.Debug|Any CPU.ActiveCfg = Debug|Any CPU
		{D14C9DFC-B785-4F88-BDB4-42E91A74E53C}.Debug|Any CPU.Build.0 = Debug|Any CPU
		{D14C9DFC-B785-4F88-BDB4-42E91A74E53C}.Release|Any CPU.ActiveCfg = Release|Any CPU
		{D14C9DFC-B785-4F88-BDB4-42E91A74E53C}.Release|Any CPU.Build.0 = Release|Any CPU
		{E031CC14-E22B-4BDA-8EE5-1450FF00B1D5}.Debug|Any CPU.ActiveCfg = Debug|Any CPU
		{E031CC14-E22B-4BDA-8EE5-1450FF00B1D5}.Debug|Any CPU.Build.0 = Debug|Any CPU
		{E031CC14-E22B-4BDA-8EE5-1450FF00B1D5}.Release|Any CPU.ActiveCfg = Release|Any CPU
		{E031CC14-E22B-4BDA-8EE5-1450FF00B1D5}.Release|Any CPU.Build.0 = Release|Any CPU
		{E0279686-BC00-4F6E-9C38-9CF4F6D15468}.Debug|Any CPU.ActiveCfg = Debug|Any CPU
		{E0279686-BC00-4F6E-9C38-9CF4F6D15468}.Debug|Any CPU.Build.0 = Debug|Any CPU
		{E0279686-BC00-4F6E-9C38-9CF4F6D15468}.Release|Any CPU.ActiveCfg = Release|Any CPU
		{E0279686-BC00-4F6E-9C38-9CF4F6D15468}.Release|Any CPU.Build.0 = Release|Any CPU
		{065178CD-C380-4CB7-9BEE-8C2473D6E318}.Debug|Any CPU.ActiveCfg = Debug|Any CPU
		{065178CD-C380-4CB7-9BEE-8C2473D6E318}.Debug|Any CPU.Build.0 = Debug|Any CPU
		{065178CD-C380-4CB7-9BEE-8C2473D6E318}.Release|Any CPU.ActiveCfg = Release|Any CPU
		{065178CD-C380-4CB7-9BEE-8C2473D6E318}.Release|Any CPU.Build.0 = Release|Any CPU
		{4490A1B7-9503-4B8B-8557-ABF4458E5945}.Debug|Any CPU.ActiveCfg = Debug|Any CPU
		{4490A1B7-9503-4B8B-8557-ABF4458E5945}.Debug|Any CPU.Build.0 = Debug|Any CPU
		{4490A1B7-9503-4B8B-8557-ABF4458E5945}.Release|Any CPU.ActiveCfg = Release|Any CPU
		{4490A1B7-9503-4B8B-8557-ABF4458E5945}.Release|Any CPU.Build.0 = Release|Any CPU
		{446B9CF5-B270-4955-9EFA-74363C6ED58F}.Debug|Any CPU.ActiveCfg = Debug|Any CPU
		{446B9CF5-B270-4955-9EFA-74363C6ED58F}.Debug|Any CPU.Build.0 = Debug|Any CPU
		{446B9CF5-B270-4955-9EFA-74363C6ED58F}.Release|Any CPU.ActiveCfg = Release|Any CPU
		{446B9CF5-B270-4955-9EFA-74363C6ED58F}.Release|Any CPU.Build.0 = Release|Any CPU
		{1D79AFF2-6991-4525-BE8C-AB1F6319132D}.Debug|Any CPU.ActiveCfg = Debug|Any CPU
		{1D79AFF2-6991-4525-BE8C-AB1F6319132D}.Debug|Any CPU.Build.0 = Debug|Any CPU
		{1D79AFF2-6991-4525-BE8C-AB1F6319132D}.Release|Any CPU.ActiveCfg = Release|Any CPU
		{1D79AFF2-6991-4525-BE8C-AB1F6319132D}.Release|Any CPU.Build.0 = Release|Any CPU
		{5C1AD758-B07F-42EA-9314-6F6ACEF22B99}.Debug|Any CPU.ActiveCfg = Debug|Any CPU
		{5C1AD758-B07F-42EA-9314-6F6ACEF22B99}.Debug|Any CPU.Build.0 = Debug|Any CPU
		{5C1AD758-B07F-42EA-9314-6F6ACEF22B99}.Release|Any CPU.ActiveCfg = Release|Any CPU
		{5C1AD758-B07F-42EA-9314-6F6ACEF22B99}.Release|Any CPU.Build.0 = Release|Any CPU
		{DDC68116-4262-4DE7-8F8C-F63581342B4D}.Debug|Any CPU.ActiveCfg = Debug|Any CPU
		{DDC68116-4262-4DE7-8F8C-F63581342B4D}.Debug|Any CPU.Build.0 = Debug|Any CPU
		{DDC68116-4262-4DE7-8F8C-F63581342B4D}.Release|Any CPU.ActiveCfg = Release|Any CPU
		{DDC68116-4262-4DE7-8F8C-F63581342B4D}.Release|Any CPU.Build.0 = Release|Any CPU
		{9685C30C-3DB0-40EE-80D6-30F8D2582FB9}.Debug|Any CPU.ActiveCfg = Debug|Any CPU
		{9685C30C-3DB0-40EE-80D6-30F8D2582FB9}.Debug|Any CPU.Build.0 = Debug|Any CPU
		{9685C30C-3DB0-40EE-80D6-30F8D2582FB9}.Release|Any CPU.ActiveCfg = Release|Any CPU
		{9685C30C-3DB0-40EE-80D6-30F8D2582FB9}.Release|Any CPU.Build.0 = Release|Any CPU
		{DF76CDAF-8463-49AF-88A8-A17944D63995}.Debug|Any CPU.ActiveCfg = Debug|Any CPU
		{DF76CDAF-8463-49AF-88A8-A17944D63995}.Debug|Any CPU.Build.0 = Debug|Any CPU
		{DF76CDAF-8463-49AF-88A8-A17944D63995}.Release|Any CPU.ActiveCfg = Release|Any CPU
		{DF76CDAF-8463-49AF-88A8-A17944D63995}.Release|Any CPU.Build.0 = Release|Any CPU
		{5F0F3101-339C-47FF-84C0-A5DF6C3F3977}.Debug|Any CPU.ActiveCfg = Debug|Any CPU
		{5F0F3101-339C-47FF-84C0-A5DF6C3F3977}.Debug|Any CPU.Build.0 = Debug|Any CPU
		{5F0F3101-339C-47FF-84C0-A5DF6C3F3977}.Release|Any CPU.ActiveCfg = Release|Any CPU
		{5F0F3101-339C-47FF-84C0-A5DF6C3F3977}.Release|Any CPU.Build.0 = Release|Any CPU
		{CF6DABC1-E560-49C3-AD30-C8B109F9993C}.Debug|Any CPU.ActiveCfg = Debug|Any CPU
		{CF6DABC1-E560-49C3-AD30-C8B109F9993C}.Debug|Any CPU.Build.0 = Debug|Any CPU
		{CF6DABC1-E560-49C3-AD30-C8B109F9993C}.Release|Any CPU.ActiveCfg = Release|Any CPU
		{CF6DABC1-E560-49C3-AD30-C8B109F9993C}.Release|Any CPU.Build.0 = Release|Any CPU
		{054A4E75-DCA9-4116-83FA-07C4FDB16338}.Debug|Any CPU.ActiveCfg = Debug|Any CPU
		{054A4E75-DCA9-4116-83FA-07C4FDB16338}.Debug|Any CPU.Build.0 = Debug|Any CPU
		{054A4E75-DCA9-4116-83FA-07C4FDB16338}.Release|Any CPU.ActiveCfg = Release|Any CPU
		{054A4E75-DCA9-4116-83FA-07C4FDB16338}.Release|Any CPU.Build.0 = Release|Any CPU
		{124834A9-6C1B-44D4-9EC6-18BCFDFF7FEC}.Debug|Any CPU.ActiveCfg = Debug|Any CPU
		{124834A9-6C1B-44D4-9EC6-18BCFDFF7FEC}.Debug|Any CPU.Build.0 = Debug|Any CPU
		{124834A9-6C1B-44D4-9EC6-18BCFDFF7FEC}.Release|Any CPU.ActiveCfg = Release|Any CPU
		{124834A9-6C1B-44D4-9EC6-18BCFDFF7FEC}.Release|Any CPU.Build.0 = Release|Any CPU
	EndGlobalSection
	GlobalSection(NestedProjects) = preSolution
		{1A3A4E09-8693-49E8-93AA-27DF42923328} = {56896270-E073-41AF-A580-ECF07E6678F5}
		{55073B87-565A-423C-A895-D26F81BD95EC} = {56896270-E073-41AF-A580-ECF07E6678F5}
		{8EB70749-6838-454B-9FDC-4FD6F3DCC685} = {56896270-E073-41AF-A580-ECF07E6678F5}
		{D14C9DFC-B785-4F88-BDB4-42E91A74E53C} = {56896270-E073-41AF-A580-ECF07E6678F5}
		{E031CC14-E22B-4BDA-8EE5-1450FF00B1D5} = {56896270-E073-41AF-A580-ECF07E6678F5}
		{E0279686-BC00-4F6E-9C38-9CF4F6D15468} = {17050264-C5F9-43D7-87CC-90185DFCC5D9}
		{065178CD-C380-4CB7-9BEE-8C2473D6E318} = {17050264-C5F9-43D7-87CC-90185DFCC5D9}
		{4490A1B7-9503-4B8B-8557-ABF4458E5945} = {17050264-C5F9-43D7-87CC-90185DFCC5D9}
		{446B9CF5-B270-4955-9EFA-74363C6ED58F} = {17050264-C5F9-43D7-87CC-90185DFCC5D9}
		{1D79AFF2-6991-4525-BE8C-AB1F6319132D} = {17050264-C5F9-43D7-87CC-90185DFCC5D9}
		{5C1AD758-B07F-42EA-9314-6F6ACEF22B99} = {A088AAC8-5C5D-429C-BF1D-336E4D1CB624}
		{DDC68116-4262-4DE7-8F8C-F63581342B4D} = {A088AAC8-5C5D-429C-BF1D-336E4D1CB624}
		{9685C30C-3DB0-40EE-80D6-30F8D2582FB9} = {A088AAC8-5C5D-429C-BF1D-336E4D1CB624}
		{DF76CDAF-8463-49AF-88A8-A17944D63995} = {A088AAC8-5C5D-429C-BF1D-336E4D1CB624}
		{5F0F3101-339C-47FF-84C0-A5DF6C3F3977} = {A088AAC8-5C5D-429C-BF1D-336E4D1CB624}
		{CF6DABC1-E560-49C3-AD30-C8B109F9993C} = {A088AAC8-5C5D-429C-BF1D-336E4D1CB624}
		{054A4E75-DCA9-4116-83FA-07C4FDB16338} = {A088AAC8-5C5D-429C-BF1D-336E4D1CB624}
		{124834A9-6C1B-44D4-9EC6-18BCFDFF7FEC} = {A088AAC8-5C5D-429C-BF1D-336E4D1CB624}
	EndGlobalSection
EndGlobal
