
Microsoft Visual Studio Solution File, Format Version 12.00
# Visual Studio Version 17
VisualStudioVersion = 17.5.002.0
MinimumVisualStudioVersion = 10.0.40219.1
Project("{9A19103F-16F7-4668-BE54-9A1E7A4F7556}") = "TopKFrequent", "TopKFrequent.csproj", "{015C94EA-1D82-403E-931E-6738A5CC8CED}"
EndProject
Global
	GlobalSection(SolutionConfigurationPlatforms) = preSolution
		Debug|Any CPU = Debug|Any CPU
		Release|Any CPU = Release|Any CPU
	EndGlobalSection
	GlobalSection(ProjectConfigurationPlatforms) = postSolution
		{015C94EA-1D82-403E-931E-6738A5CC8CED}.Debug|Any CPU.ActiveCfg = Debug|Any CPU
		{015C94EA-1D82-403E-931E-6738A5CC8CED}.Debug|Any CPU.Build.0 = Debug|Any CPU
		{015C94EA-1D82-403E-931E-6738A5CC8CED}.Release|Any CPU.ActiveCfg = Release|Any CPU
		{015C94EA-1D82-403E-931E-6738A5CC8CED}.Release|Any CPU.Build.0 = Release|Any CPU
	EndGlobalSection
	GlobalSection(SolutionProperties) = preSolution
		HideSolutionNode = FALSE
	EndGlobalSection
	GlobalSection(ExtensibilityGlobals) = postSolution
		SolutionGuid = {DFAE4459-9822-4E06-A79B-B367463EA633}
	EndGlobalSection
EndGlobal
