Microsoft Visual Studio Solution File, Format Version 12.00
# Visual Studio Version 17
VisualStudioVersion = 17.0.31903.59
MinimumVisualStudioVersion = 10.0.40219.1
Project("{FAE04EC0-301F-11D3-BF4B-00C04F79EFBC}") = "ContainsDuplicate", "ContainsDuplicate\ContainsDuplicate.csproj", "{08E9F65C-9BE9-49D9-AAD6-9C3C699CBDEB}"
EndProject
Project("{FAE04EC0-301F-11D3-BF4B-00C04F79EFBC}") = "TwoSum", "TwoSum\TwoSum.csproj", "{B41C58A6-22F4-45C1-9D93-632F4C73FE6C}"
EndProject
Project("{FAE04EC0-301F-11D3-BF4B-00C04F79EFBC}") = "IsAnagram", "IsAnagram\IsAnagram.csproj", "{20199492-EF78-42BF-A002-15994F0FB7C7}"
EndProject
Project("{FAE04EC0-301F-11D3-BF4B-00C04F79EFBC}") = "GroupAnagrams", "GroupAnagrams\GroupAnagrams.csproj", "{B0062F17-DA16-4864-A68F-C1AD8BEA204C}"
EndProject
Project("{FAE04EC0-301F-11D3-BF4B-00C04F79EFBC}") = "IsValidSudoku", "IsValidSudoku\IsValidSudoku.csproj", "{3CA7CDC6-47AA-448C-80A2-7D519BCF74AD}"
EndProject
Global
	GlobalSection(SolutionConfigurationPlatforms) = preSolution
		Debug|Any CPU = Debug|Any CPU
		Release|Any CPU = Release|Any CPU
	EndGlobalSection
	GlobalSection(SolutionProperties) = preSolution
		HideSolutionNode = FALSE
	EndGlobalSection
	GlobalSection(ProjectConfigurationPlatforms) = postSolution
		{08E9F65C-9BE9-49D9-AAD6-9C3C699CBDEB}.Debug|Any CPU.ActiveCfg = Debug|Any CPU
		{08E9F65C-9BE9-49D9-AAD6-9C3C699CBDEB}.Debug|Any CPU.Build.0 = Debug|Any CPU
		{08E9F65C-9BE9-49D9-AAD6-9C3C699CBDEB}.Release|Any CPU.ActiveCfg = Release|Any CPU
		{08E9F65C-9BE9-49D9-AAD6-9C3C699CBDEB}.Release|Any CPU.Build.0 = Release|Any CPU
		{B41C58A6-22F4-45C1-9D93-632F4C73FE6C}.Debug|Any CPU.ActiveCfg = Debug|Any CPU
		{B41C58A6-22F4-45C1-9D93-632F4C73FE6C}.Debug|Any CPU.Build.0 = Debug|Any CPU
		{B41C58A6-22F4-45C1-9D93-632F4C73FE6C}.Release|Any CPU.ActiveCfg = Release|Any CPU
		{B41C58A6-22F4-45C1-9D93-632F4C73FE6C}.Release|Any CPU.Build.0 = Release|Any CPU
		{20199492-EF78-42BF-A002-15994F0FB7C7}.Debug|Any CPU.ActiveCfg = Debug|Any CPU
		{20199492-EF78-42BF-A002-15994F0FB7C7}.Debug|Any CPU.Build.0 = Debug|Any CPU
		{20199492-EF78-42BF-A002-15994F0FB7C7}.Release|Any CPU.ActiveCfg = Release|Any CPU
		{20199492-EF78-42BF-A002-15994F0FB7C7}.Release|Any CPU.Build.0 = Release|Any CPU
		{B0062F17-DA16-4864-A68F-C1AD8BEA204C}.Debug|Any CPU.ActiveCfg = Debug|Any CPU
		{B0062F17-DA16-4864-A68F-C1AD8BEA204C}.Debug|Any CPU.Build.0 = Debug|Any CPU
		{B0062F17-DA16-4864-A68F-C1AD8BEA204C}.Release|Any CPU.ActiveCfg = Release|Any CPU
		{B0062F17-DA16-4864-A68F-C1AD8BEA204C}.Release|Any CPU.Build.0 = Release|Any CPU
		{3CA7CDC6-47AA-448C-80A2-7D519BCF74AD}.Debug|Any CPU.ActiveCfg = Debug|Any CPU
		{3CA7CDC6-47AA-448C-80A2-7D519BCF74AD}.Debug|Any CPU.Build.0 = Debug|Any CPU
		{3CA7CDC6-47AA-448C-80A2-7D519BCF74AD}.Release|Any CPU.ActiveCfg = Release|Any CPU
		{3CA7CDC6-47AA-448C-80A2-7D519BCF74AD}.Release|Any CPU.Build.0 = Release|Any CPU
	EndGlobalSection
EndGlobal
