
Microsoft Visual Studio Solution File, Format Version 12.00
# Visual Studio Version 17
VisualStudioVersion = 17.5.002.0
MinimumVisualStudioVersion = 10.0.40219.1
Project("{9A19103F-16F7-4668-BE54-9A1E7A4F7556}") = "MaxProfit", "MaxProfit\MaxProfit.csproj", "{2A17FF9C-3C57-4376-B179-0F28BB77FEFB}"
EndProject
Global
	GlobalSection(SolutionConfigurationPlatforms) = preSolution
		Debug|Any CPU = Debug|Any CPU
		Release|Any CPU = Release|Any CPU
	EndGlobalSection
	GlobalSection(ProjectConfigurationPlatforms) = postSolution
		{2A17FF9C-3C57-4376-B179-0F28BB77FEFB}.Debug|Any CPU.ActiveCfg = Debug|Any CPU
		{2A17FF9C-3C57-4376-B179-0F28BB77FEFB}.Debug|Any CPU.Build.0 = Debug|Any CPU
		{2A17FF9C-3C57-4376-B179-0F28BB77FEFB}.Release|Any CPU.ActiveCfg = Release|Any CPU
		{2A17FF9C-3C57-4376-B179-0F28BB77FEFB}.Release|Any CPU.Build.0 = Release|Any CPU
	EndGlobalSection
	GlobalSection(SolutionProperties) = preSolution
		HideSolutionNode = FALSE
	EndGlobalSection
	GlobalSection(ExtensibilityGlobals) = postSolution
		SolutionGuid = {515DAB18-5156-4F03-A20B-3C4A0ADBF3BD}
	EndGlobalSection
EndGlobal
